
Microsoft Visual Studio Solution File, Format Version 12.00
# Visual Studio Version 17
VisualStudioVersion = 17.5.2.0
MinimumVisualStudioVersion = 10.0.40219.1
Project("{FAE04EC0-301F-11D3-BF4B-00C04F79EFBC}") = "EvaEngine", "EvaEngine.csproj", "{46194C7D-986F-1595-4AA2-53443A976298}"
EndProject
Project("{FAE04EC0-301F-11D3-BF4B-00C04F79EFBC}") = "LinticsPacker", "..\..\LinticsPacker\LinticsPacker\LinticsPacker.csproj", "{8FF790C3-3A77-42BC-B1BA-534173F15016}"
EndProject
Project("{FAE04EC0-301F-11D3-BF4B-00C04F79EFBC}") = "Eva", "..\Eva\Eva.csproj", "{8C9DE662-F1F5-46AA-B14F-8E40DFF73C37}"
EndProject
Global
	GlobalSection(SolutionConfigurationPlatforms) = preSolution
		Debug|Any CPU = Debug|Any CPU
		Debug|x64 = Debug|x64
		Debug|x86 = Debug|x86
		Release|Any CPU = Release|Any CPU
		Release|x64 = Release|x64
		Release|x86 = Release|x86
	EndGlobalSection
	GlobalSection(ProjectConfigurationPlatforms) = postSolution
		{46194C7D-986F-1595-4AA2-53443A976298}.Debug|Any CPU.ActiveCfg = Debug|Any CPU
		{46194C7D-986F-1595-4AA2-53443A976298}.Debug|Any CPU.Build.0 = Debug|Any CPU
		{46194C7D-986F-1595-4AA2-53443A976298}.Debug|x64.ActiveCfg = Debug|Any CPU
		{46194C7D-986F-1595-4AA2-53443A976298}.Debug|x64.Build.0 = Debug|Any CPU
		{46194C7D-986F-1595-4AA2-53443A976298}.Debug|x86.ActiveCfg = Debug|Any CPU
		{46194C7D-986F-1595-4AA2-53443A976298}.Debug|x86.Build.0 = Debug|Any CPU
		{46194C7D-986F-1595-4AA2-53443A976298}.Release|Any CPU.ActiveCfg = Release|Any CPU
		{46194C7D-986F-1595-4AA2-53443A976298}.Release|Any CPU.Build.0 = Release|Any CPU
		{46194C7D-986F-1595-4AA2-53443A976298}.Release|x64.ActiveCfg = Release|Any CPU
		{46194C7D-986F-1595-4AA2-53443A976298}.Release|x64.Build.0 = Release|Any CPU
		{46194C7D-986F-1595-4AA2-53443A976298}.Release|x86.ActiveCfg = Release|Any CPU
		{46194C7D-986F-1595-4AA2-53443A976298}.Release|x86.Build.0 = Release|Any CPU
		{8FF790C3-3A77-42BC-B1BA-534173F15016}.Debug|Any CPU.ActiveCfg = Debug|Any CPU
		{8FF790C3-3A77-42BC-B1BA-534173F15016}.Debug|Any CPU.Build.0 = Debug|Any CPU
		{8FF790C3-3A77-42BC-B1BA-534173F15016}.Debug|x64.ActiveCfg = Debug|Any CPU
		{8FF790C3-3A77-42BC-B1BA-534173F15016}.Debug|x64.Build.0 = Debug|Any CPU
		{8FF790C3-3A77-42BC-B1BA-534173F15016}.Debug|x86.ActiveCfg = Debug|Any CPU
		{8FF790C3-3A77-42BC-B1BA-534173F15016}.Debug|x86.Build.0 = Debug|Any CPU
		{8FF790C3-3A77-42BC-B1BA-534173F15016}.Release|Any CPU.ActiveCfg = Release|Any CPU
		{8FF790C3-3A77-42BC-B1BA-534173F15016}.Release|Any CPU.Build.0 = Release|Any CPU
		{8FF790C3-3A77-42BC-B1BA-534173F15016}.Release|x64.ActiveCfg = Release|Any CPU
		{8FF790C3-3A77-42BC-B1BA-534173F15016}.Release|x64.Build.0 = Release|Any CPU
		{8FF790C3-3A77-42BC-B1BA-534173F15016}.Release|x86.ActiveCfg = Release|Any CPU
		{8FF790C3-3A77-42BC-B1BA-534173F15016}.Release|x86.Build.0 = Release|Any CPU
		{8C9DE662-F1F5-46AA-B14F-8E40DFF73C37}.Debug|Any CPU.ActiveCfg = Debug|Any CPU
		{8C9DE662-F1F5-46AA-B14F-8E40DFF73C37}.Debug|Any CPU.Build.0 = Debug|Any CPU
		{8C9DE662-F1F5-46AA-B14F-8E40DFF73C37}.Debug|x64.ActiveCfg = Debug|Any CPU
		{8C9DE662-F1F5-46AA-B14F-8E40DFF73C37}.Debug|x64.Build.0 = Debug|Any CPU
		{8C9DE662-F1F5-46AA-B14F-8E40DFF73C37}.Debug|x86.ActiveCfg = Debug|Any CPU
		{8C9DE662-F1F5-46AA-B14F-8E40DFF73C37}.Debug|x86.Build.0 = Debug|Any CPU
		{8C9DE662-F1F5-46AA-B14F-8E40DFF73C37}.Release|Any CPU.ActiveCfg = Release|Any CPU
		{8C9DE662-F1F5-46AA-B14F-8E40DFF73C37}.Release|Any CPU.Build.0 = Release|Any CPU
		{8C9DE662-F1F5-46AA-B14F-8E40DFF73C37}.Release|x64.ActiveCfg = Release|Any CPU
		{8C9DE662-F1F5-46AA-B14F-8E40DFF73C37}.Release|x64.Build.0 = Release|Any CPU
		{8C9DE662-F1F5-46AA-B14F-8E40DFF73C37}.Release|x86.ActiveCfg = Release|Any CPU
		{8C9DE662-F1F5-46AA-B14F-8E40DFF73C37}.Release|x86.Build.0 = Release|Any CPU
	EndGlobalSection
	GlobalSection(SolutionProperties) = preSolution
		HideSolutionNode = FALSE
	EndGlobalSection
	GlobalSection(ExtensibilityGlobals) = postSolution
		SolutionGuid = {5C687F4F-DBDA-4B17-8B11-2529AEDFA06F}
	EndGlobalSection
EndGlobal
