
Microsoft Visual Studio Solution File, Format Version 12.00
Project("{FAE04EC0-301F-11D3-BF4B-00C04F79EFBC}") = "EvaEngine", "EvaEngine\EvaEngine.csproj", "{2FCCACA3-E031-4AB5-9E2F-AE815DBDC62C}"
EndProject
Project("{FAE04EC0-301F-11D3-BF4B-00C04F79EFBC}") = "Eva", "Eva\Eva.csproj", "{7D3C7BD9-7D80-4203-AAD4-06F974CBB7D4}"
EndProject
Global
	GlobalSection(SolutionConfigurationPlatforms) = preSolution
		Debug|Any CPU = Debug|Any CPU
		Release|Any CPU = Release|Any CPU
	EndGlobalSection
	GlobalSection(ProjectConfigurationPlatforms) = postSolution
		{2FCCACA3-E031-4AB5-9E2F-AE815DBDC62C}.Debug|Any CPU.ActiveCfg = Debug|Any CPU
		{2FCCACA3-E031-4AB5-9E2F-AE815DBDC62C}.Debug|Any CPU.Build.0 = Debug|Any CPU
		{2FCCACA3-E031-4AB5-9E2F-AE815DBDC62C}.Release|Any CPU.ActiveCfg = Release|Any CPU
		{2FCCACA3-E031-4AB5-9E2F-AE815DBDC62C}.Release|Any CPU.Build.0 = Release|Any CPU
		{7D3C7BD9-7D80-4203-AAD4-06F974CBB7D4}.Debug|Any CPU.ActiveCfg = Debug|Any CPU
		{7D3C7BD9-7D80-4203-AAD4-06F974CBB7D4}.Debug|Any CPU.Build.0 = Debug|Any CPU
		{7D3C7BD9-7D80-4203-AAD4-06F974CBB7D4}.Release|Any CPU.ActiveCfg = Release|Any CPU
		{7D3C7BD9-7D80-4203-AAD4-06F974CBB7D4}.Release|Any CPU.Build.0 = Release|Any CPU
		{A87250CF-1819-44FC-B02F-FEAEEF32B04C}.Debug|Any CPU.ActiveCfg = Debug|Any CPU
		{A87250CF-1819-44FC-B02F-FEAEEF32B04C}.Debug|Any CPU.Build.0 = Debug|Any CPU
		{A87250CF-1819-44FC-B02F-FEAEEF32B04C}.Release|Any CPU.ActiveCfg = Release|Any CPU
		{A87250CF-1819-44FC-B02F-FEAEEF32B04C}.Release|Any CPU.Build.0 = Release|Any CPU
	EndGlobalSection
EndGlobal
